
Microsoft Visual Studio Solution File, Format Version 12.00
# Visual Studio Version 17
VisualStudioVersion = 17.7.34031.279
MinimumVisualStudioVersion = 10.0.40219.1
Project("{8BC9CEB8-8B4A-11D0-8D11-00A0C91BC942}") = "laba 5.1", "laba 5.1\laba 5.1.vcxproj", "{0844734C-3568-4AB6-A199-320B4F4D7522}"
EndProject
Project("{8BC9CEB8-8B4A-11D0-8D11-00A0C91BC942}") = "UnitTest1", "UnitTest1\UnitTest1.vcxproj", "{9D86D3ED-0CCB-4321-8AD4-3BE4B2799262}"
EndProject
Global
	GlobalSection(SolutionConfigurationPlatforms) = preSolution
		Debug|x64 = Debug|x64
		Debug|x86 = Debug|x86
		Release|x64 = Release|x64
		Release|x86 = Release|x86
	EndGlobalSection
	GlobalSection(ProjectConfigurationPlatforms) = postSolution
		{0844734C-3568-4AB6-A199-320B4F4D7522}.Debug|x64.ActiveCfg = Debug|x64
		{0844734C-3568-4AB6-A199-320B4F4D7522}.Debug|x64.Build.0 = Debug|x64
		{0844734C-3568-4AB6-A199-320B4F4D7522}.Debug|x86.ActiveCfg = Debug|Win32
		{0844734C-3568-4AB6-A199-320B4F4D7522}.Debug|x86.Build.0 = Debug|Win32
		{0844734C-3568-4AB6-A199-320B4F4D7522}.Release|x64.ActiveCfg = Release|x64
		{0844734C-3568-4AB6-A199-320B4F4D7522}.Release|x64.Build.0 = Release|x64
		{0844734C-3568-4AB6-A199-320B4F4D7522}.Release|x86.ActiveCfg = Release|Win32
		{0844734C-3568-4AB6-A199-320B4F4D7522}.Release|x86.Build.0 = Release|Win32
		{9D86D3ED-0CCB-4321-8AD4-3BE4B2799262}.Debug|x64.ActiveCfg = Debug|x64
		{9D86D3ED-0CCB-4321-8AD4-3BE4B2799262}.Debug|x64.Build.0 = Debug|x64
		{9D86D3ED-0CCB-4321-8AD4-3BE4B2799262}.Debug|x86.ActiveCfg = Debug|Win32
		{9D86D3ED-0CCB-4321-8AD4-3BE4B2799262}.Debug|x86.Build.0 = Debug|Win32
		{9D86D3ED-0CCB-4321-8AD4-3BE4B2799262}.Release|x64.ActiveCfg = Release|x64
		{9D86D3ED-0CCB-4321-8AD4-3BE4B2799262}.Release|x64.Build.0 = Release|x64
		{9D86D3ED-0CCB-4321-8AD4-3BE4B2799262}.Release|x86.ActiveCfg = Release|Win32
		{9D86D3ED-0CCB-4321-8AD4-3BE4B2799262}.Release|x86.Build.0 = Release|Win32
	EndGlobalSection
	GlobalSection(SolutionProperties) = preSolution
		HideSolutionNode = FALSE
	EndGlobalSection
	GlobalSection(ExtensibilityGlobals) = postSolution
		SolutionGuid = {DCA527EB-B97B-48B9-8B80-1EE623EBE579}
	EndGlobalSection
EndGlobal
